{
  "name": "E-learning",
  "lockfileVersion": 3,
  "requires": true,
  "packages": {
    "": {
      "dependencies": {
        "vue-sidebar-menu": "^5.4.0"
      }
    },
    "node_modules/vue-sidebar-menu": {
      "version": "5.4.0",
      "resolved": "https://registry.npmjs.org/vue-sidebar-menu/-/vue-sidebar-menu-5.4.0.tgz",
      "integrity": "sha512-0lgUlYgqTQg9KQkv7VraWHl40ExJa8NCzyAp6lXtut/V4A+Yn41h4MzXN/Tt7f9cTtdVBbs9srVOvhqkKkgD0g=="
    }
  }
}
